schema_version: nimi.realm-contract-lock/v5
generated_by: scripts/generate-realm-contract-lock.mjs
realm:
  authority_id: external-realm
  commit: 15d96300bf9c4b1305bb68818208682b10e0c7c0
  tree: 0b743e2b5190a470a5e8685eac09a0a3221b41ee
openapi:
  source_artifact_id: realm-openapi
  synced_path: config/realm-openapi/api-nimi.yaml
  document_sha256: ebf90752f0033779231bbe87cacdca4b079f3c3c976ac5f429b092bc39c9145f
  fragment_schema_version: nimi.realm-openapi-source-materialization-fragment/v1
  fragment_selector:
    operation_id: WorldCoreController_createSourceMaterializationPacket
    path: /api/realm/core/source-materialization-packets
    method: post
  fragment_sha256: f699ba04ffd397d3c992d53416e8f197e561fe05e6d77ef84eba37ddd70fc0dc
  component_schema_count: 41
  component_schema_names:
    - CharacterProfileCoreDto
    - CharacterSourceRefV3Dto
    - CreateSourceMaterializationPacketV3Dto
    - MaterializationClosureSetManifestV3Dto
    - MaterializationClosureSetSegmentRefV3Dto
    - MaterializationComponentDigestV3Dto
    - MaterializationContextV3Dto
    - MaterializationCoverageComponentV3Dto
    - MaterializationCoverageManifestV3Dto
    - MaterializationCrossReferenceCheckV3Dto
    - MaterializationDependencyRefV3Dto
    - MaterializationOptionalRefV3Dto
    - MaterializationRequiredRefV3Dto
    - MaterializationRequiredSectionV3Dto
    - MaterializationSegmentChunkDescriptorV3Dto
    - MaterializationSegmentLimitsV3Dto
    - MaterializationSegmentManifestComponentV3Dto
    - MaterializationSegmentManifestV3Dto
    - PersonaCharacterCoreDto
    - PersonaCharacterDependencyClosureV3Dto
    - PersonaCharacterMaterializationPayloadV3Dto
    - PersonaCharacterSourceRefV3Dto
    - ProfileCoverageManifestV1Dto
    - ReadinessBlockerDto
    - ReadinessResultDto
    - RealmCoreOriginDto
    - SourceMaterializationComponentV3Dto
    - SourceMaterializationPacketProofV3Dto
    - SourceMaterializationPacketV3Dto
    - SourceMaterializationPublishedLimitsDto
    - SourceMaterializationSegmentV3Dto
    - ValidityIssueDto
    - ValidityResultDto
    - WorldCharacterCoreDto
    - WorldCharacterDependencyClosureV3Dto
    - WorldCharacterMaterializationPayloadV3Dto
    - WorldCharacterSourceRefV3Dto
    - WorldCoreDto
    - WorldEntityCoreDto
    - WorldEntityRefDto
    - WorldRelationshipCoreDto
  operation_count: 197
  operation_inventory_sha256: 623b73380d7f20b5694e58e8568de316e0ae06f6e8cfa24f26ace836e25455e0
schema_versions:
  packet: realm.source-materialization-packet/v3
  materializationContext: realm.materialization-context/v3
  coverageManifest: realm.materialization-coverage/v3
  segmentManifest: realm.materialization-segment-manifest/v3
  closureSetManifest: realm.materialization-closure-set-manifest/v3
  payloadAssembly: realm.materialization-assembly/v3
source_ref:
  schema: CharacterSourceRefV3Dto
  discriminator: kind
  kinds:
    - worldCharacter
    - personaCharacter
  branches:
    worldCharacter: WorldCharacterSourceRefV3Dto
    personaCharacter: PersonaCharacterSourceRefV3Dto
  requiredFields:
    worldCharacter:
      - kind
      - id
      - worldId
      - worldEntityRef
      - sourceHash
    personaCharacter:
      - kind
      - id
      - worldId
      - ownerAccountId
      - sourceHash
published_limits:
  maxSegmentBytes: 8388608
  maxSegmentComponentCount: 256
  maxSegmentChunks: 4096
  maxChunkBytes: 262144
  maxSetSegments: 64
  maxSetBytes: 134217728
  maxSetComponentCount: 16384
  maxSetChunks: 65536
access_policy:
  version: realm.source-materialization-access-policy/v5
  digest: 7649e8c7aa85f6667b1af5134686fc653f33ed5094e5d11483a5e60f39765faa
  authority_class: authenticated_first_party_product_operation
  third_party_app_permission_required: false
  permission_catalog: empty
  packet_operation:
    operationId: WorldCoreController_createSourceMaterializationPacket
    method: post
    path: /api/realm/core/source-materialization-packets
  authorization_inputs:
    - authenticated_realm_account
    - canonical_source_and_world_materialization_visibility
    - exact_CharacterSourceRefV3
    - materialization_readiness
    - runtime_challenge_audience_limits_and_proof_boundary
  forbidden_inputs:
    - app_id
    - permission_scope
    - access_grant_id
    - synthetic_grant_decision
  retired_identifiers:
    - realm_source.snapshot.consume
    - realm_source.snapshot.bind
    - agent.identity.project
  retired_endpoints:
    - /api/human/me/permission-grants
    - /api/runtime/realm-grants/issue
compact_vectors:
  world-character.json: 6a378f867f11a9314f969336aaf70cff799aacbaba36d85f80b8177e5be7ba8f
  persona-character.json: b58fab9eea51deef5266936347a6dd0cbd21362487330beafd67c66eb3aeac22
  negative-mutations.json: aad920d9269fdd05efa12f50a535c92b9289dca22f4804ff5bd47184914ef4ba
producer_admission:
  tracked_only: true
  head_policy: identical_admitted_inputs
  semantic_file_bundle_sha256: 5d3dd64de61b5534096590571bcc005feef39a2296e88e3e4b91fb6d95b12b4c
  semantic_files:
    - path: .nimi/spec/realm/kernel/core-contract.md
      sha256: 3fd077fe3fc8dd7e1dc80ed752f2bd88fa660c7667991969c785c08b7daedc64
    - path: .nimi/spec/realm/kernel/tables/core-contract.yaml
      sha256: e14343ef02fa4e6f47e76cfa813a9332becc108476c0c6ea4be3ee6df7bc8d79
    - path: .nimi/spec/realm/kernel/permission-grant-contract.md
      sha256: ceb6bf8d53cea0fb7f7893ffcf88c22b4c23ddd2a33a63b09fa8790dcd6839a3
    - path: .nimi/spec/realm/kernel/tables/permission-grant-contract.yaml
      sha256: 1af1cfd7fe54fd50469813cdfdc28c945867b9a893099a325b5f6edf088da056
    - path: packages/nimi-forge/src/contracts/realm-character-core.ts
      sha256: 11bd40d34df7b2d1ec558794425540a8a9c37fbbc7ef9a946d28934c185af93b
    - artifactId: source-materialization-service
      fileName: source-materialization.service.ts
      sha256: a8000f47420c24d9e730d9667889fa5bdfa85d808417a4db10fae902a58d1eae
    - path: scripts/check-realm-permission-scope-ownership.ts
      sha256: 1e08c15552b7661cc8d08346ec374ff2aa4d1c7933eab94d4cb5ef071127a0ba
    - path: scripts/check-runtime-source-materialization-hardcut.mjs
      sha256: 3ad829f3560ce538d4bbb6b3343176ac5557f9c81297644a4c5bc92479e2e1ba
    - path: config/nimi-runtime-materialization-requirements.json
      sha256: f261c4ba22ca2fd8950d8ff18ba5dc21eae1ac5e6c0a44f61c4ee77cbc2a0acd
